
Microsoft Visual Studio Solution File, Format Version 12.00
# Visual Studio Version 16
VisualStudioVersion = 16.0.30105.148
MinimumVisualStudioVersion = 10.0.40219.1
Project("{FAE04EC0-301F-11D3-BF4B-00C04F79EFBC}") = "ExpressionGenerator", "ExpressionGenerator\ExpressionGenerator.csproj", "{D04773D4-8E39-4D6C-B6C7-C8ADCBD35653}"
EndProject
Global
	GlobalSection(SolutionConfigurationPlatforms) = preSolution
		Debug|Any CPU = Debug|Any CPU
		Release|Any CPU = Release|Any CPU
	EndGlobalSection
	GlobalSection(ProjectConfigurationPlatforms) = postSolution
		{D04773D4-8E39-4D6C-B6C7-C8ADCBD35653}.Debug|Any CPU.ActiveCfg = Debug|Any CPU
		{D04773D4-8E39-4D6C-B6C7-C8ADCBD35653}.Debug|Any CPU.Build.0 = Debug|Any CPU
		{D04773D4-8E39-4D6C-B6C7-C8ADCBD35653}.Release|Any CPU.ActiveCfg = Release|Any CPU
		{D04773D4-8E39-4D6C-B6C7-C8ADCBD35653}.Release|Any CPU.Build.0 = Release|Any CPU
	EndGlobalSection
	GlobalSection(SolutionProperties) = preSolution
		HideSolutionNode = FALSE
	EndGlobalSection
	GlobalSection(ExtensibilityGlobals) = postSolution
		SolutionGuid = {7FB97000-A94F-4B05-ACB1-8AE3A765AF67}
	EndGlobalSection
EndGlobal
